
Microsoft Visual Studio Solution File, Format Version 12.00
# Visual Studio Version 17
VisualStudioVersion = 17.6.33829.357
MinimumVisualStudioVersion = 10.0.40219.1
Project("{FAE04EC0-301F-11D3-BF4B-00C04F79EFBC}") = "P2T2", "P2T2\P2T2.csproj", "{F720C0B5-C7D4-4609-AB31-8CA79C3F1F86}"
EndProject
Global
	GlobalSection(SolutionConfigurationPlatforms) = preSolution
		Debug|Any CPU = Debug|Any CPU
		Release|Any CPU = Release|Any CPU
	EndGlobalSection
	GlobalSection(ProjectConfigurationPlatforms) = postSolution
		{F720C0B5-C7D4-4609-AB31-8CA79C3F1F86}.Debug|Any CPU.ActiveCfg = Debug|Any CPU
		{F720C0B5-C7D4-4609-AB31-8CA79C3F1F86}.Debug|Any CPU.Build.0 = Debug|Any CPU
		{F720C0B5-C7D4-4609-AB31-8CA79C3F1F86}.Release|Any CPU.ActiveCfg = Release|Any CPU
		{F720C0B5-C7D4-4609-AB31-8CA79C3F1F86}.Release|Any CPU.Build.0 = Release|Any CPU
	EndGlobalSection
	GlobalSection(SolutionProperties) = preSolution
		HideSolutionNode = FALSE
	EndGlobalSection
	GlobalSection(ExtensibilityGlobals) = postSolution
		SolutionGuid = {012AA652-9C0F-4089-BC4A-A8448B24C70E}
	EndGlobalSection
EndGlobal
