
Microsoft Visual Studio Solution File, Format Version 12.00
# Visual Studio Version 17
VisualStudioVersion = 17.6.33829.357
MinimumVisualStudioVersion = 10.0.40219.1
Project("{FAE04EC0-301F-11D3-BF4B-00C04F79EFBC}") = "P7T1", "P7T1\P7T1.csproj", "{00CBC1AB-E76E-4835-8497-FBE83C2E9B29}"
EndProject
Global
	GlobalSection(SolutionConfigurationPlatforms) = preSolution
		Debug|Any CPU = Debug|Any CPU
		Release|Any CPU = Release|Any CPU
	EndGlobalSection
	GlobalSection(ProjectConfigurationPlatforms) = postSolution
		{00CBC1AB-E76E-4835-8497-FBE83C2E9B29}.Debug|Any CPU.ActiveCfg = Debug|Any CPU
		{00CBC1AB-E76E-4835-8497-FBE83C2E9B29}.Debug|Any CPU.Build.0 = Debug|Any CPU
		{00CBC1AB-E76E-4835-8497-FBE83C2E9B29}.Release|Any CPU.ActiveCfg = Release|Any CPU
		{00CBC1AB-E76E-4835-8497-FBE83C2E9B29}.Release|Any CPU.Build.0 = Release|Any CPU
	EndGlobalSection
	GlobalSection(SolutionProperties) = preSolution
		HideSolutionNode = FALSE
	EndGlobalSection
	GlobalSection(ExtensibilityGlobals) = postSolution
		SolutionGuid = {6632A9D0-F408-4F7B-8C50-F22959C657A2}
	EndGlobalSection
EndGlobal
