
Microsoft Visual Studio Solution File, Format Version 12.00
# Visual Studio Version 17
VisualStudioVersion = 17.4.33213.308
MinimumVisualStudioVersion = 10.0.40219.1
Project("{FAE04EC0-301F-11D3-BF4B-00C04F79EFBC}") = "P5T1", "P5T1\P5T1.csproj", "{5FA0AC30-1D09-4A27-AA41-2E6CDAC10634}"
EndProject
Global
	GlobalSection(SolutionConfigurationPlatforms) = preSolution
		Debug|Any CPU = Debug|Any CPU
		Release|Any CPU = Release|Any CPU
	EndGlobalSection
	GlobalSection(ProjectConfigurationPlatforms) = postSolution
		{5FA0AC30-1D09-4A27-AA41-2E6CDAC10634}.Debug|Any CPU.ActiveCfg = Debug|Any CPU
		{5FA0AC30-1D09-4A27-AA41-2E6CDAC10634}.Debug|Any CPU.Build.0 = Debug|Any CPU
		{5FA0AC30-1D09-4A27-AA41-2E6CDAC10634}.Release|Any CPU.ActiveCfg = Release|Any CPU
		{5FA0AC30-1D09-4A27-AA41-2E6CDAC10634}.Release|Any CPU.Build.0 = Release|Any CPU
	EndGlobalSection
	GlobalSection(SolutionProperties) = preSolution
		HideSolutionNode = FALSE
	EndGlobalSection
	GlobalSection(ExtensibilityGlobals) = postSolution
		SolutionGuid = {9E0AD9E2-BBA0-4EB8-B82D-86771D6184C2}
	EndGlobalSection
EndGlobal
